// !$*UTF8*$!
{
	archiveVersion = 1;
	classes = {
	};
	objectVersion = 46;
	objects = {
/* Begin PBXBuildFile section */
		0207DA581B56EA530066E2B4 /* Images.xcassets in Resources */ = {isa = PBXBuildFile; fileRef = 0207DA571B56EA530066E2B4 /* Images.xcassets */; };
		1D3623260D0F684500981E51 /* AppDelegate.m in Sources */ = {isa = PBXBuildFile; fileRef = 1D3623250D0F684500981E51 /* AppDelegate.m */; };
		1D60589B0D05DD56006BFB54 /* main.m in Sources */ = {isa = PBXBuildFile; fileRef = 29B97316FDCFA39411CA2CEA /* main.m */; };
		301BF552109A68D80062928A /* libCordova.a in Frameworks */ = {isa = PBXBuildFile; fileRef = 301BF535109A57CC0062928A /* libCordova.a */; };
		302D95F114D2391D003F00A1 /* MainViewController.m in Sources */ = {isa = PBXBuildFile; fileRef = 302D95EF14D2391D003F00A1 /* MainViewController.m */; };
		302D95F214D2391D003F00A1 /* MainViewController.xib in Resources */ = {isa = PBXBuildFile; fileRef = 302D95F014D2391D003F00A1 /* MainViewController.xib */; };
		3047A5121AB8059700498E2A /* build-debug.xcconfig in Resources */ = {isa = PBXBuildFile; fileRef = 3047A50F1AB8059700498E2A /* build-debug.xcconfig */; };
		3047A5131AB8059700498E2A /* build-release.xcconfig in Resources */ = {isa = PBXBuildFile; fileRef = 3047A5101AB8059700498E2A /* build-release.xcconfig */; };
		3047A5141AB8059700498E2A /* build.xcconfig in Resources */ = {isa = PBXBuildFile; fileRef = 3047A5111AB8059700498E2A /* build.xcconfig */; };
		6AFF5BF91D6E424B00AB3073 /* CDVLaunchScreen.storyboard in Resources */ = {isa = PBXBuildFile; fileRef = 6AFF5BF81D6E424B00AB3073 /* CDVLaunchScreen.storyboard */; };
		31F278DF9086423FB742591E /* AppDelegate+notification.m in Sources */ = {isa = PBXBuildFile; fileRef = F506B5152DCA4FFFAA2A107A /* AppDelegate+notification.m */; };
		3A7DB2ED9F414AC6BD50B458 /* PushPlugin.m in Sources */ = {isa = PBXBuildFile; fileRef = 0BE0C7568280444F80D7D93D /* PushPlugin.m */; };
		E447ACB6057749F5A3B65199 /* libGGLCloudMessaging.a in Frameworks */ = {isa = PBXBuildFile; fileRef = 8CBDE5AADDE844B68B598583 /* libGGLCloudMessaging.a */; };
		DB331FA774614A998F67E378 /* libGGLCore.a in Frameworks */ = {isa = PBXBuildFile; fileRef = B23D9033E2A340EA9DE0716D /* libGGLCore.a */; };
		29BBAF3653E144099329B8D7 /* libGGLInstanceIDLib.a in Frameworks */ = {isa = PBXBuildFile; fileRef = 70F4D69BA38448E39A2AF0D3 /* libGGLInstanceIDLib.a */; };
		66EF52A1B01E46C9BB0C9632 /* libGIP_Reachability.a in Frameworks */ = {isa = PBXBuildFile; fileRef = B6D4DA9AA45949099F1FCDDD /* libGIP_Reachability.a */; };
		2A38799DAEC048DDA1EE6A1E /* libGSDK_Overload.a in Frameworks */ = {isa = PBXBuildFile; fileRef = 5E011D33054E4609949C31C2 /* libGSDK_Overload.a */; };
		1BC8B0606AD54E89AE415866 /* libGTMSessionFetcher_core.a in Frameworks */ = {isa = PBXBuildFile; fileRef = A2E1CF4EC1E34BF69CCD68C7 /* libGTMSessionFetcher_core.a */; };
		6F50B64391A441CB921A5686 /* libGTMSessionFetcher_full.a in Frameworks */ = {isa = PBXBuildFile; fileRef = 3A0976B855E84DB6B4BD6355 /* libGTMSessionFetcher_full.a */; };
		A80DEF4B34084728BACE6EFA /* libGTMStackTrace.a in Frameworks */ = {isa = PBXBuildFile; fileRef = 7BBD65C827C546938B88BC18 /* libGTMStackTrace.a */; };
		84626C4F46204E0388B6C4BA /* libGTM_AddressBook.a in Frameworks */ = {isa = PBXBuildFile; fileRef = D3993696C651446D91103191 /* libGTM_AddressBook.a */; };
		EAEC31D8E70A4DD2BB0E57C6 /* libGTM_DebugUtils.a in Frameworks */ = {isa = PBXBuildFile; fileRef = 4E417B43BFBE40618DF59F65 /* libGTM_DebugUtils.a */; };
		3DBF4F8FBFE94F2EB47C81CA /* libGTM_GTMURLBuilder.a in Frameworks */ = {isa = PBXBuildFile; fileRef = 2E6DDC218558438DA00D1919 /* libGTM_GTMURLBuilder.a */; };
		0501B72402954427953054BC /* libGTM_KVO.a in Frameworks */ = {isa = PBXBuildFile; fileRef = 93728E0AEAA64324AAF1D088 /* libGTM_KVO.a */; };
		417474AE3A5F4C5F8696D376 /* libGTM_NSData+zlib.a in Frameworks */ = {isa = PBXBuildFile; fileRef = 80FE799D67CB47F6A0515F63 /* libGTM_NSData+zlib.a */; };
		298CD8020FB24A55AE8B89FD /* libGTM_NSDictionary+URLArguments.a in Frameworks */ = {isa = PBXBuildFile; fileRef = F8B585C0BBA948ACA2E5E915 /* libGTM_NSDictionary+URLArguments.a */; };
		34AF55724D414642A597E5E4 /* libGTM_NSScannerJSON.a in Frameworks */ = {isa = PBXBuildFile; fileRef = FF73057B7FD04DE79672B641 /* libGTM_NSScannerJSON.a */; };
		ACE4AF3C62F148FBADBEF800 /* libGTM_NSStringHTML.a in Frameworks */ = {isa = PBXBuildFile; fileRef = AB6CC66B0B61483BB444B6E0 /* libGTM_NSStringHTML.a */; };
		87AB5952E5D94BF586C3025D /* libGTM_NSStringXML.a in Frameworks */ = {isa = PBXBuildFile; fileRef = 8B749562ACFD46949B266CAB /* libGTM_NSStringXML.a */; };
		543F537FD72C4629A712D9C6 /* libGTM_Regex.a in Frameworks */ = {isa = PBXBuildFile; fileRef = E1585AF19CB44D01A5B6BC4E /* libGTM_Regex.a */; };
		D41E5B538B8B43B881F320B8 /* libGTM_RoundedRectPath.a in Frameworks */ = {isa = PBXBuildFile; fileRef = 658C80BA212945F086BDD7D6 /* libGTM_RoundedRectPath.a */; };
		5B82B6129081421F91BB799B /* libGTM_StringEncoding.a in Frameworks */ = {isa = PBXBuildFile; fileRef = 32A195835FFF4118B5CAB3D8 /* libGTM_StringEncoding.a */; };
		0BE611A93A684C35823CC49F /* libGTM_SystemVersion.a in Frameworks */ = {isa = PBXBuildFile; fileRef = 7AA0430780954522BF006A68 /* libGTM_SystemVersion.a */; };
		6A3D83361D974BB096DF4EF4 /* libGTM_UIFont+LineHeight.a in Frameworks */ = {isa = PBXBuildFile; fileRef = D3236595C59F430AA24B3F80 /* libGTM_UIFont+LineHeight.a */; };
		6FF6D6C72F1A4B70848BC66A /* libGTM_core.a in Frameworks */ = {isa = PBXBuildFile; fileRef = 2971765A1F8248B48A09F551 /* libGTM_core.a */; };
		1A1C5237171247A88FEFB887 /* libGTM_iPhone.a in Frameworks */ = {isa = PBXBuildFile; fileRef = 96D54252FC654F2A800DC9DD /* libGTM_iPhone.a */; };
		3F58EE66169D4A45ABD79EC0 /* libGcmLib.a in Frameworks */ = {isa = PBXBuildFile; fileRef = 9FB4B656399A447CBDB2D246 /* libGcmLib.a */; };
		A59BF3806AE94C5AA7FE8048 /* libProtocolBuffers.a in Frameworks */ = {isa = PBXBuildFile; fileRef = AD9982BBD85C48F3A46EFED4 /* libProtocolBuffers.a */; };
		460B9F3048E94ED7B4BC7267 /* AddressBook.framework in Frameworks */ = {isa = PBXBuildFile; fileRef = E52079EA8DC44C55921F3A63 /* AddressBook.framework */; };
		7D1D06EC08E647EF9F249CEC /* libsqlite3.tbd in Frameworks */ = {isa = PBXBuildFile; fileRef = E9D544C1BEAC4DA2A700BAF5 /* libsqlite3.tbd */; };
		35394F9B4D66473ABDC0CDA2 /* libz.tbd in Frameworks */ = {isa = PBXBuildFile; fileRef = 1487E574349E43CF8CAE71A5 /* libz.tbd */; };
		360EC493165C4C0FB263A0D0 /* CDVDevice.m in Sources */ = {isa = PBXBuildFile; fileRef = 28AC093F4909432BBC4FFFE1 /* CDVDevice.m */; };
		43C79BB0C3A24CECB4F29E78 /* CDVNotification.m in Sources */ = {isa = PBXBuildFile; fileRef = CBB712CBFBF54B54B9A56F69 /* CDVNotification.m */; };
		46DD4B01DFED4F33B00A1F02 /* CDVNotification.bundle in Resources */ = {isa = PBXBuildFile; fileRef = EE98830DE81143B7991EE113 /* CDVNotification.bundle */; };
		36B03501C04948A48E1FA89F /* AudioToolbox.framework in Frameworks */ = {isa = PBXBuildFile; fileRef = 1407643807E84159908BEA1B /* AudioToolbox.framework */; settings = {ATTRIBUTES = (Weak, ); }; };
		3A4BD0B83B8B45149369CA40 /* CDVInAppBrowser.m in Sources */ = {isa = PBXBuildFile; fileRef = FC2A5F06BB844C9FA1E4B25E /* CDVInAppBrowser.m */; };
		099CEABF4F714B84BE5AC7C8 /* CDVConnection.m in Sources */ = {isa = PBXBuildFile; fileRef = 62094CDBDAF5409180488AB9 /* CDVConnection.m */; };
		6A6F2296A62A451CBF715BCA /* CDVReachability.m in Sources */ = {isa = PBXBuildFile; fileRef = EF4E109D8F3A4ACABE310015 /* CDVReachability.m */; };
		0EDD42D0AC9E4EDA8DDFD544 /* SystemConfiguration.framework in Frameworks */ = {isa = PBXBuildFile; fileRef = 0FC3CC9EE97A4523BA5A1EA9 /* SystemConfiguration.framework */; settings = {ATTRIBUTES = (Weak, ); }; };
		FE98625F328847DF94FF2F87 /* CoreTelephony.framework in Frameworks */ = {isa = PBXBuildFile; fileRef = 7CCD66C4648D43A280EDF988 /* CoreTelephony.framework */; };
		1730B56D2B0449F1A32FEB75 /* CDVStatusBar.m in Sources */ = {isa = PBXBuildFile; fileRef = 3C4D64E5623A435CA7EFD6D2 /* CDVStatusBar.m */; };
/* End PBXBuildFile section */

/* Begin PBXContainerItemProxy section */
		301BF534109A57CC0062928A /* PBXContainerItemProxy */ = {
			isa = PBXContainerItemProxy;
			containerPortal = 301BF52D109A57CC0062928A /* CordovaLib.xcodeproj */;
			proxyType = 2;
			remoteGlobalIDString = D2AAC07E0554694100DB518D;
			remoteInfo = CordovaLib;
		};
		301BF550109A68C00062928A /* PBXContainerItemProxy */ = {
			isa = PBXContainerItemProxy;
			containerPortal = 301BF52D109A57CC0062928A /* CordovaLib.xcodeproj */;
			proxyType = 1;
			remoteGlobalIDString = D2AAC07D0554694100DB518D;
			remoteInfo = CordovaLib;
		};
/* End PBXContainerItemProxy section */

/* Begin PBXFileReference section */
		0207DA571B56EA530066E2B4 /* Images.xcassets */ = {isa = PBXFileReference; lastKnownFileType = folder.assetcatalog; name = Images.xcassets; path = "Bredaquaranta/Images.xcassets"; sourceTree = SOURCE_ROOT; };
		1D3623240D0F684500981E51 /* AppDelegate.h */ = {isa = PBXFileReference; fileEncoding = 4; lastKnownFileType = sourcecode.c.h; path = AppDelegate.h; sourceTree = "<group>"; };
		1D3623250D0F684500981E51 /* AppDelegate.m */ = {isa = PBXFileReference; fileEncoding = 4; lastKnownFileType = sourcecode.c.objc; path = AppDelegate.m; sourceTree = "<group>"; };
		1D6058910D05DD3D006BFB54 /* Bredaquaranta.app */ = {isa = PBXFileReference; explicitFileType = wrapper.application; includeInIndex = 0; path = "Bredaquaranta.app"; sourceTree = BUILT_PRODUCTS_DIR; };
		29B97316FDCFA39411CA2CEA /* main.m */ = {isa = PBXFileReference; fileEncoding = 4; lastKnownFileType = sourcecode.c.objc; path = main.m; sourceTree = "<group>"; };
		301BF52D109A57CC0062928A /* CordovaLib.xcodeproj */ = {isa = PBXFileReference; lastKnownFileType = "wrapper.pb-project"; name = CordovaLib.xcodeproj; path = CordovaLib/CordovaLib.xcodeproj; sourceTree = "<group>"; };
		301BF56E109A69640062928A /* www */ = {isa = PBXFileReference; lastKnownFileType = folder; path = www; sourceTree = SOURCE_ROOT; };
		302D95EE14D2391D003F00A1 /* MainViewController.h */ = {isa = PBXFileReference; fileEncoding = 4; lastKnownFileType = sourcecode.c.h; path = MainViewController.h; sourceTree = "<group>"; };
		302D95EF14D2391D003F00A1 /* MainViewController.m */ = {isa = PBXFileReference; fileEncoding = 4; lastKnownFileType = sourcecode.c.objc; path = MainViewController.m; sourceTree = "<group>"; };
		302D95F014D2391D003F00A1 /* MainViewController.xib */ = {isa = PBXFileReference; fileEncoding = 4; lastKnownFileType = file.xib; path = MainViewController.xib; sourceTree = "<group>"; };
		3047A50F1AB8059700498E2A /* build-debug.xcconfig */ = {isa = PBXFileReference; fileEncoding = 4; lastKnownFileType = text.xcconfig; name = "build-debug.xcconfig"; path = cordova/build-debug.xcconfig; sourceTree = SOURCE_ROOT; };
		3047A5101AB8059700498E2A /* build-release.xcconfig */ = {isa = PBXFileReference; fileEncoding = 4; lastKnownFileType = text.xcconfig; name = "build-release.xcconfig"; path = cordova/build-release.xcconfig; sourceTree = SOURCE_ROOT; };
		3047A5111AB8059700498E2A /* build.xcconfig */ = {isa = PBXFileReference; fileEncoding = 4; lastKnownFileType = text.xcconfig; name = build.xcconfig; path = cordova/build.xcconfig; sourceTree = SOURCE_ROOT; };
		32CA4F630368D1EE00C91783 /* Bredaquaranta-Prefix.pch */ = {isa = PBXFileReference; fileEncoding = 4; lastKnownFileType = sourcecode.c.h; path = "Bredaquaranta-Prefix.pch"; sourceTree = "<group>"; };
		6AFF5BF81D6E424B00AB3073 /* CDVLaunchScreen.storyboard */ = {isa = PBXFileReference; fileEncoding = 4; lastKnownFileType = file.storyboard; name = CDVLaunchScreen.storyboard; path = "Bredaquaranta/CDVLaunchScreen.storyboard"; sourceTree = SOURCE_ROOT; };
		8D1107310486CEB800E47090 /* Bredaquaranta-Info.plist */ = {isa = PBXFileReference; fileEncoding = 4; lastKnownFileType = text.plist.xml; name = "Bredaquaranta-Info.plist"; path = "Bredaquaranta/Bredaquaranta-Info.plist"; plistStructureDefinitionIdentifier = "com.apple.xcode.plist.structure-definition.iphone.info-plist"; sourceTree = SOURCE_ROOT; };
		EB87FDF31871DA8E0020F90C /* www */ = {isa = PBXFileReference; lastKnownFileType = folder; name = www; path = ../../www; sourceTree = "<group>"; };
		EB87FDF41871DAF40020F90C /* config.xml */ = {isa = PBXFileReference; lastKnownFileType = text.xml; name = config.xml; path = ../../config.xml; sourceTree = "<group>"; };
		F840E1F0165FE0F500CFE078 /* config.xml */ = {isa = PBXFileReference; lastKnownFileType = text.xml; name = config.xml; path = "Bredaquaranta/config.xml"; sourceTree = "<group>"; };
		ED33DF2A687741AEAF9F8254 /* Bridging-Header.h */ = {isa = PBXFileReference; fileEncoding = 4; lastKnownFileType = sourcecode.c.h; name = "Bridging-Header.h"; path = "Bridging-Header.h"; sourceTree = "<group>"; };
		F506B5152DCA4FFFAA2A107A /* AppDelegate+notification.m */ = {isa = PBXFileReference; name = "AppDelegate+notification.m"; path = "phonegap-plugin-push/AppDelegate+notification.m"; sourceTree = "<group>"; fileEncoding = 4; lastKnownFileType = sourcecode.c.objc; explicitFileType = undefined; includeInIndex = 0; };
		0BE0C7568280444F80D7D93D /* PushPlugin.m */ = {isa = PBXFileReference; name = "PushPlugin.m"; path = "phonegap-plugin-push/PushPlugin.m"; sourceTree = "<group>"; fileEncoding = 4; lastKnownFileType = sourcecode.c.objc; explicitFileType = undefined; includeInIndex = 0; };
		8CBDE5AADDE844B68B598583 /* libGGLCloudMessaging.a */ = {isa = PBXFileReference; name = "libGGLCloudMessaging.a"; path = "Bredaquaranta/Plugins/phonegap-plugin-push/GCM/Libraries/libGGLCloudMessaging.a"; sourceTree = "<group>"; fileEncoding = undefined; lastKnownFileType = archive.ar; explicitFileType = undefined; includeInIndex = 0; };
		B23D9033E2A340EA9DE0716D /* libGGLCore.a */ = {isa = PBXFileReference; name = "libGGLCore.a"; path = "Bredaquaranta/Plugins/phonegap-plugin-push/GCM/Libraries/libGGLCore.a"; sourceTree = "<group>"; fileEncoding = undefined; lastKnownFileType = archive.ar; explicitFileType = undefined; includeInIndex = 0; };
		70F4D69BA38448E39A2AF0D3 /* libGGLInstanceIDLib.a */ = {isa = PBXFileReference; name = "libGGLInstanceIDLib.a"; path = "Bredaquaranta/Plugins/phonegap-plugin-push/GCM/Libraries/libGGLInstanceIDLib.a"; sourceTree = "<group>"; fileEncoding = undefined; lastKnownFileType = archive.ar; explicitFileType = undefined; includeInIndex = 0; };
		B6D4DA9AA45949099F1FCDDD /* libGIP_Reachability.a */ = {isa = PBXFileReference; name = "libGIP_Reachability.a"; path = "Bredaquaranta/Plugins/phonegap-plugin-push/GCM/Libraries/libGIP_Reachability.a"; sourceTree = "<group>"; fileEncoding = undefined; lastKnownFileType = archive.ar; explicitFileType = undefined; includeInIndex = 0; };
		5E011D33054E4609949C31C2 /* libGSDK_Overload.a */ = {isa = PBXFileReference; name = "libGSDK_Overload.a"; path = "Bredaquaranta/Plugins/phonegap-plugin-push/GCM/Libraries/libGSDK_Overload.a"; sourceTree = "<group>"; fileEncoding = undefined; lastKnownFileType = archive.ar; explicitFileType = undefined; includeInIndex = 0; };
		A2E1CF4EC1E34BF69CCD68C7 /* libGTMSessionFetcher_core.a */ = {isa = PBXFileReference; name = "libGTMSessionFetcher_core.a"; path = "Bredaquaranta/Plugins/phonegap-plugin-push/GCM/Libraries/libGTMSessionFetcher_core.a"; sourceTree = "<group>"; fileEncoding = undefined; lastKnownFileType = archive.ar; explicitFileType = undefined; includeInIndex = 0; };
		3A0976B855E84DB6B4BD6355 /* libGTMSessionFetcher_full.a */ = {isa = PBXFileReference; name = "libGTMSessionFetcher_full.a"; path = "Bredaquaranta/Plugins/phonegap-plugin-push/GCM/Libraries/libGTMSessionFetcher_full.a"; sourceTree = "<group>"; fileEncoding = undefined; lastKnownFileType = archive.ar; explicitFileType = undefined; includeInIndex = 0; };
		7BBD65C827C546938B88BC18 /* libGTMStackTrace.a */ = {isa = PBXFileReference; name = "libGTMStackTrace.a"; path = "Bredaquaranta/Plugins/phonegap-plugin-push/GCM/Libraries/libGTMStackTrace.a"; sourceTree = "<group>"; fileEncoding = undefined; lastKnownFileType = archive.ar; explicitFileType = undefined; includeInIndex = 0; };
		D3993696C651446D91103191 /* libGTM_AddressBook.a */ = {isa = PBXFileReference; name = "libGTM_AddressBook.a"; path = "Bredaquaranta/Plugins/phonegap-plugin-push/GCM/Libraries/libGTM_AddressBook.a"; sourceTree = "<group>"; fileEncoding = undefined; lastKnownFileType = archive.ar; explicitFileType = undefined; includeInIndex = 0; };
		4E417B43BFBE40618DF59F65 /* libGTM_DebugUtils.a */ = {isa = PBXFileReference; name = "libGTM_DebugUtils.a"; path = "Bredaquaranta/Plugins/phonegap-plugin-push/GCM/Libraries/libGTM_DebugUtils.a"; sourceTree = "<group>"; fileEncoding = undefined; lastKnownFileType = archive.ar; explicitFileType = undefined; includeInIndex = 0; };
		2E6DDC218558438DA00D1919 /* libGTM_GTMURLBuilder.a */ = {isa = PBXFileReference; name = "libGTM_GTMURLBuilder.a"; path = "Bredaquaranta/Plugins/phonegap-plugin-push/GCM/Libraries/libGTM_GTMURLBuilder.a"; sourceTree = "<group>"; fileEncoding = undefined; lastKnownFileType = archive.ar; explicitFileType = undefined; includeInIndex = 0; };
		93728E0AEAA64324AAF1D088 /* libGTM_KVO.a */ = {isa = PBXFileReference; name = "libGTM_KVO.a"; path = "Bredaquaranta/Plugins/phonegap-plugin-push/GCM/Libraries/libGTM_KVO.a"; sourceTree = "<group>"; fileEncoding = undefined; lastKnownFileType = archive.ar; explicitFileType = undefined; includeInIndex = 0; };
		80FE799D67CB47F6A0515F63 /* libGTM_NSData+zlib.a */ = {isa = PBXFileReference; name = "libGTM_NSData+zlib.a"; path = "Bredaquaranta/Plugins/phonegap-plugin-push/GCM/Libraries/libGTM_NSData+zlib.a"; sourceTree = "<group>"; fileEncoding = undefined; lastKnownFileType = archive.ar; explicitFileType = undefined; includeInIndex = 0; };
		F8B585C0BBA948ACA2E5E915 /* libGTM_NSDictionary+URLArguments.a */ = {isa = PBXFileReference; name = "libGTM_NSDictionary+URLArguments.a"; path = "Bredaquaranta/Plugins/phonegap-plugin-push/GCM/Libraries/libGTM_NSDictionary+URLArguments.a"; sourceTree = "<group>"; fileEncoding = undefined; lastKnownFileType = archive.ar; explicitFileType = undefined; includeInIndex = 0; };
		FF73057B7FD04DE79672B641 /* libGTM_NSScannerJSON.a */ = {isa = PBXFileReference; name = "libGTM_NSScannerJSON.a"; path = "Bredaquaranta/Plugins/phonegap-plugin-push/GCM/Libraries/libGTM_NSScannerJSON.a"; sourceTree = "<group>"; fileEncoding = undefined; lastKnownFileType = archive.ar; explicitFileType = undefined; includeInIndex = 0; };
		AB6CC66B0B61483BB444B6E0 /* libGTM_NSStringHTML.a */ = {isa = PBXFileReference; name = "libGTM_NSStringHTML.a"; path = "Bredaquaranta/Plugins/phonegap-plugin-push/GCM/Libraries/libGTM_NSStringHTML.a"; sourceTree = "<group>"; fileEncoding = undefined; lastKnownFileType = archive.ar; explicitFileType = undefined; includeInIndex = 0; };
		8B749562ACFD46949B266CAB /* libGTM_NSStringXML.a */ = {isa = PBXFileReference; name = "libGTM_NSStringXML.a"; path = "Bredaquaranta/Plugins/phonegap-plugin-push/GCM/Libraries/libGTM_NSStringXML.a"; sourceTree = "<group>"; fileEncoding = undefined; lastKnownFileType = archive.ar; explicitFileType = undefined; includeInIndex = 0; };
		E1585AF19CB44D01A5B6BC4E /* libGTM_Regex.a */ = {isa = PBXFileReference; name = "libGTM_Regex.a"; path = "Bredaquaranta/Plugins/phonegap-plugin-push/GCM/Libraries/libGTM_Regex.a"; sourceTree = "<group>"; fileEncoding = undefined; lastKnownFileType = archive.ar; explicitFileType = undefined; includeInIndex = 0; };
		658C80BA212945F086BDD7D6 /* libGTM_RoundedRectPath.a */ = {isa = PBXFileReference; name = "libGTM_RoundedRectPath.a"; path = "Bredaquaranta/Plugins/phonegap-plugin-push/GCM/Libraries/libGTM_RoundedRectPath.a"; sourceTree = "<group>"; fileEncoding = undefined; lastKnownFileType = archive.ar; explicitFileType = undefined; includeInIndex = 0; };
		32A195835FFF4118B5CAB3D8 /* libGTM_StringEncoding.a */ = {isa = PBXFileReference; name = "libGTM_StringEncoding.a"; path = "Bredaquaranta/Plugins/phonegap-plugin-push/GCM/Libraries/libGTM_StringEncoding.a"; sourceTree = "<group>"; fileEncoding = undefined; lastKnownFileType = archive.ar; explicitFileType = undefined; includeInIndex = 0; };
		7AA0430780954522BF006A68 /* libGTM_SystemVersion.a */ = {isa = PBXFileReference; name = "libGTM_SystemVersion.a"; path = "Bredaquaranta/Plugins/phonegap-plugin-push/GCM/Libraries/libGTM_SystemVersion.a"; sourceTree = "<group>"; fileEncoding = undefined; lastKnownFileType = archive.ar; explicitFileType = undefined; includeInIndex = 0; };
		D3236595C59F430AA24B3F80 /* libGTM_UIFont+LineHeight.a */ = {isa = PBXFileReference; name = "libGTM_UIFont+LineHeight.a"; path = "Bredaquaranta/Plugins/phonegap-plugin-push/GCM/Libraries/libGTM_UIFont+LineHeight.a"; sourceTree = "<group>"; fileEncoding = undefined; lastKnownFileType = archive.ar; explicitFileType = undefined; includeInIndex = 0; };
		2971765A1F8248B48A09F551 /* libGTM_core.a */ = {isa = PBXFileReference; name = "libGTM_core.a"; path = "Bredaquaranta/Plugins/phonegap-plugin-push/GCM/Libraries/libGTM_core.a"; sourceTree = "<group>"; fileEncoding = undefined; lastKnownFileType = archive.ar; explicitFileType = undefined; includeInIndex = 0; };
		96D54252FC654F2A800DC9DD /* libGTM_iPhone.a */ = {isa = PBXFileReference; name = "libGTM_iPhone.a"; path = "Bredaquaranta/Plugins/phonegap-plugin-push/GCM/Libraries/libGTM_iPhone.a"; sourceTree = "<group>"; fileEncoding = undefined; lastKnownFileType = archive.ar; explicitFileType = undefined; includeInIndex = 0; };
		9FB4B656399A447CBDB2D246 /* libGcmLib.a */ = {isa = PBXFileReference; name = "libGcmLib.a"; path = "Bredaquaranta/Plugins/phonegap-plugin-push/GCM/Libraries/libGcmLib.a"; sourceTree = "<group>"; fileEncoding = undefined; lastKnownFileType = archive.ar; explicitFileType = undefined; includeInIndex = 0; };
		AD9982BBD85C48F3A46EFED4 /* libProtocolBuffers.a */ = {isa = PBXFileReference; name = "libProtocolBuffers.a"; path = "Bredaquaranta/Plugins/phonegap-plugin-push/GCM/Libraries/libProtocolBuffers.a"; sourceTree = "<group>"; fileEncoding = undefined; lastKnownFileType = archive.ar; explicitFileType = undefined; includeInIndex = 0; };
		68D2DE3D318C4B068DEE8FBD /* AppDelegate+notification.h */ = {isa = PBXFileReference; name = "AppDelegate+notification.h"; path = "phonegap-plugin-push/AppDelegate+notification.h"; sourceTree = "<group>"; fileEncoding = 4; lastKnownFileType = sourcecode.c.h; explicitFileType = undefined; includeInIndex = 0; };
		FE9B7DFA52E54844BA6E7AA3 /* PushPlugin.h */ = {isa = PBXFileReference; name = "PushPlugin.h"; path = "phonegap-plugin-push/PushPlugin.h"; sourceTree = "<group>"; fileEncoding = 4; lastKnownFileType = sourcecode.c.h; explicitFileType = undefined; includeInIndex = 0; };
		DBEAE39ED4634B5583725392 /* GGLInstanceID.h */ = {isa = PBXFileReference; name = "GGLInstanceID.h"; path = "phonegap-plugin-push/GCM/Headers/GGLInstanceID.h"; sourceTree = "<group>"; fileEncoding = 4; lastKnownFileType = sourcecode.c.h; explicitFileType = undefined; includeInIndex = 0; };
		5E09D98C850A4B6AA819CF73 /* GGLInstanceIDConfig.h */ = {isa = PBXFileReference; name = "GGLInstanceIDConfig.h"; path = "phonegap-plugin-push/GCM/Headers/GGLInstanceIDConfig.h"; sourceTree = "<group>"; fileEncoding = 4; lastKnownFileType = sourcecode.c.h; explicitFileType = undefined; includeInIndex = 0; };
		CDA9BB14A1A14DFF95B58629 /* GGLInstanceIDDelegate.h */ = {isa = PBXFileReference; name = "GGLInstanceIDDelegate.h"; path = "phonegap-plugin-push/GCM/Headers/GGLInstanceIDDelegate.h"; sourceTree = "<group>"; fileEncoding = 4; lastKnownFileType = sourcecode.c.h; explicitFileType = undefined; includeInIndex = 0; };
		3031D2592B1646F6A160F513 /* GGLInstanceIDHeaders.h */ = {isa = PBXFileReference; name = "GGLInstanceIDHeaders.h"; path = "phonegap-plugin-push/GCM/Headers/GGLInstanceIDHeaders.h"; sourceTree = "<group>"; fileEncoding = 4; lastKnownFileType = sourcecode.c.h; explicitFileType = undefined; includeInIndex = 0; };
		746BD7667E6E43E0A841D453 /* CloudMessaging.h */ = {isa = PBXFileReference; name = "CloudMessaging.h"; path = "phonegap-plugin-push/GCM/Headers/CloudMessaging.h"; sourceTree = "<group>"; fileEncoding = 4; lastKnownFileType = sourcecode.c.h; explicitFileType = undefined; includeInIndex = 0; };
		A5EA40E48E5A4A2487420C6E /* GGLContext+CloudMessaging.h */ = {isa = PBXFileReference; name = "GGLContext+CloudMessaging.h"; path = "phonegap-plugin-push/GCM/Headers/GGLContext+CloudMessaging.h"; sourceTree = "<group>"; fileEncoding = 4; lastKnownFileType = sourcecode.c.h; explicitFileType = undefined; includeInIndex = 0; };
		CF2DC66349744B39BE613CC1 /* Core.h */ = {isa = PBXFileReference; name = "Core.h"; path = "phonegap-plugin-push/GCM/Headers/Core.h"; sourceTree = "<group>"; fileEncoding = 4; lastKnownFileType = sourcecode.c.h; explicitFileType = undefined; includeInIndex = 0; };
		B80F1E3354B440A08760E6AE /* GGLConfiguration.h */ = {isa = PBXFileReference; name = "GGLConfiguration.h"; path = "phonegap-plugin-push/GCM/Headers/GGLConfiguration.h"; sourceTree = "<group>"; fileEncoding = 4; lastKnownFileType = sourcecode.c.h; explicitFileType = undefined; includeInIndex = 0; };
		FF0E6C8F818346ACB3ABA534 /* GGLContext.h */ = {isa = PBXFileReference; name = "GGLContext.h"; path = "phonegap-plugin-push/GCM/Headers/GGLContext.h"; sourceTree = "<group>"; fileEncoding = 4; lastKnownFileType = sourcecode.c.h; explicitFileType = undefined; includeInIndex = 0; };
		FE7DF2D0F97443F3BEE8178A /* GGLErrorCode.h */ = {isa = PBXFileReference; name = "GGLErrorCode.h"; path = "phonegap-plugin-push/GCM/Headers/GGLErrorCode.h"; sourceTree = "<group>"; fileEncoding = 4; lastKnownFileType = sourcecode.c.h; explicitFileType = undefined; includeInIndex = 0; };
		2C12805379BF4D54A5E85646 /* GCMConfig.h */ = {isa = PBXFileReference; name = "GCMConfig.h"; path = "phonegap-plugin-push/GCM/Headers/GCMConfig.h"; sourceTree = "<group>"; fileEncoding = 4; lastKnownFileType = sourcecode.c.h; explicitFileType = undefined; includeInIndex = 0; };
		0F124CBFD8A4423A994F0EF2 /* GCMPubSub.h */ = {isa = PBXFileReference; name = "GCMPubSub.h"; path = "phonegap-plugin-push/GCM/Headers/GCMPubSub.h"; sourceTree = "<group>"; fileEncoding = 4; lastKnownFileType = sourcecode.c.h; explicitFileType = undefined; includeInIndex = 0; };
		3C6914DC16464DA08BB85528 /* GCMReceiverDelegate.h */ = {isa = PBXFileReference; name = "GCMReceiverDelegate.h"; path = "phonegap-plugin-push/GCM/Headers/GCMReceiverDelegate.h"; sourceTree = "<group>"; fileEncoding = 4; lastKnownFileType = sourcecode.c.h; explicitFileType = undefined; includeInIndex = 0; };
		CBA4F81B050345598E8BD311 /* GCMService.h */ = {isa = PBXFileReference; name = "GCMService.h"; path = "phonegap-plugin-push/GCM/Headers/GCMService.h"; sourceTree = "<group>"; fileEncoding = 4; lastKnownFileType = sourcecode.c.h; explicitFileType = undefined; includeInIndex = 0; };
		B04F0A86C0814DD594F71FA5 /* GoogleCloudMessaging.h */ = {isa = PBXFileReference; name = "GoogleCloudMessaging.h"; path = "phonegap-plugin-push/GCM/Headers/GoogleCloudMessaging.h"; sourceTree = "<group>"; fileEncoding = 4; lastKnownFileType = sourcecode.c.h; explicitFileType = undefined; includeInIndex = 0; };
		E52079EA8DC44C55921F3A63 /* AddressBook.framework */ = {isa = PBXFileReference; name = "AddressBook.framework"; path = "System/Library/Frameworks/AddressBook.framework"; sourceTree = SDKROOT; fileEncoding = undefined; lastKnownFileType = wrapper.framework; explicitFileType = undefined; includeInIndex = 0; };
		E9D544C1BEAC4DA2A700BAF5 /* libsqlite3.tbd */ = {isa = PBXFileReference; name = "libsqlite3.tbd"; path = "usr/lib/libsqlite3.tbd"; sourceTree = SDKROOT; fileEncoding = undefined; lastKnownFileType = sourcecode.text-based-dylib-definition; explicitFileType = undefined; includeInIndex = 0; };
		1487E574349E43CF8CAE71A5 /* libz.tbd */ = {isa = PBXFileReference; name = "libz.tbd"; path = "usr/lib/libz.tbd"; sourceTree = SDKROOT; fileEncoding = undefined; lastKnownFileType = sourcecode.text-based-dylib-definition; explicitFileType = undefined; includeInIndex = 0; };
		28AC093F4909432BBC4FFFE1 /* CDVDevice.m */ = {isa = PBXFileReference; name = "CDVDevice.m"; path = "cordova-plugin-device/CDVDevice.m"; sourceTree = "<group>"; fileEncoding = 4; lastKnownFileType = sourcecode.c.objc; explicitFileType = undefined; includeInIndex = 0; };
		4DB5AA11B6AF48B7B32C46CB /* CDVDevice.h */ = {isa = PBXFileReference; name = "CDVDevice.h"; path = "cordova-plugin-device/CDVDevice.h"; sourceTree = "<group>"; fileEncoding = 4; lastKnownFileType = sourcecode.c.h; explicitFileType = undefined; includeInIndex = 0; };
		CBB712CBFBF54B54B9A56F69 /* CDVNotification.m */ = {isa = PBXFileReference; name = "CDVNotification.m"; path = "cordova-plugin-dialogs/CDVNotification.m"; sourceTree = "<group>"; fileEncoding = 4; lastKnownFileType = sourcecode.c.objc; explicitFileType = undefined; includeInIndex = 0; };
		85A385AA2AE7422DB7F4741A /* CDVNotification.h */ = {isa = PBXFileReference; name = "CDVNotification.h"; path = "cordova-plugin-dialogs/CDVNotification.h"; sourceTree = "<group>"; fileEncoding = 4; lastKnownFileType = sourcecode.c.h; explicitFileType = undefined; includeInIndex = 0; };
		EE98830DE81143B7991EE113 /* CDVNotification.bundle */ = {isa = PBXFileReference; name = "CDVNotification.bundle"; path = "CDVNotification.bundle"; sourceTree = "<group>"; fileEncoding = undefined; lastKnownFileType = wrapper.plug-in; explicitFileType = undefined; includeInIndex = 0; };
		1407643807E84159908BEA1B /* AudioToolbox.framework */ = {isa = PBXFileReference; name = "AudioToolbox.framework"; path = "System/Library/Frameworks/AudioToolbox.framework"; sourceTree = SDKROOT; fileEncoding = undefined; lastKnownFileType = wrapper.framework; explicitFileType = undefined; includeInIndex = 0; };
		FC2A5F06BB844C9FA1E4B25E /* CDVInAppBrowser.m */ = {isa = PBXFileReference; name = "CDVInAppBrowser.m"; path = "cordova-plugin-inappbrowser/CDVInAppBrowser.m"; sourceTree = "<group>"; fileEncoding = 4; lastKnownFileType = sourcecode.c.objc; explicitFileType = undefined; includeInIndex = 0; };
		1B8A584979AF4CF9BDF51C48 /* CDVInAppBrowser.h */ = {isa = PBXFileReference; name = "CDVInAppBrowser.h"; path = "cordova-plugin-inappbrowser/CDVInAppBrowser.h"; sourceTree = "<group>"; fileEncoding = 4; lastKnownFileType = sourcecode.c.h; explicitFileType = undefined; includeInIndex = 0; };
		62094CDBDAF5409180488AB9 /* CDVConnection.m */ = {isa = PBXFileReference; name = "CDVConnection.m"; path = "cordova-plugin-network-information/CDVConnection.m"; sourceTree = "<group>"; fileEncoding = 4; lastKnownFileType = sourcecode.c.objc; explicitFileType = undefined; includeInIndex = 0; };
		EF4E109D8F3A4ACABE310015 /* CDVReachability.m */ = {isa = PBXFileReference; name = "CDVReachability.m"; path = "cordova-plugin-network-information/CDVReachability.m"; sourceTree = "<group>"; fileEncoding = 4; lastKnownFileType = sourcecode.c.objc; explicitFileType = undefined; includeInIndex = 0; };
		C6C5C9D10E6D4485B709B8F0 /* CDVConnection.h */ = {isa = PBXFileReference; name = "CDVConnection.h"; path = "cordova-plugin-network-information/CDVConnection.h"; sourceTree = "<group>"; fileEncoding = 4; lastKnownFileType = sourcecode.c.h; explicitFileType = undefined; includeInIndex = 0; };
		C218F1D413084D2EB08AF9E0 /* CDVReachability.h */ = {isa = PBXFileReference; name = "CDVReachability.h"; path = "cordova-plugin-network-information/CDVReachability.h"; sourceTree = "<group>"; fileEncoding = 4; lastKnownFileType = sourcecode.c.h; explicitFileType = undefined; includeInIndex = 0; };
		0FC3CC9EE97A4523BA5A1EA9 /* SystemConfiguration.framework */ = {isa = PBXFileReference; name = "SystemConfiguration.framework"; path = "System/Library/Frameworks/SystemConfiguration.framework"; sourceTree = SDKROOT; fileEncoding = undefined; lastKnownFileType = wrapper.framework; explicitFileType = undefined; includeInIndex = 0; };
		7CCD66C4648D43A280EDF988 /* CoreTelephony.framework */ = {isa = PBXFileReference; name = "CoreTelephony.framework"; path = "System/Library/Frameworks/CoreTelephony.framework"; sourceTree = SDKROOT; fileEncoding = undefined; lastKnownFileType = wrapper.framework; explicitFileType = undefined; includeInIndex = 0; };
		3C4D64E5623A435CA7EFD6D2 /* CDVStatusBar.m */ = {isa = PBXFileReference; name = "CDVStatusBar.m"; path = "cordova-plugin-statusbar/CDVStatusBar.m"; sourceTree = "<group>"; fileEncoding = 4; lastKnownFileType = sourcecode.c.objc; explicitFileType = undefined; includeInIndex = 0; };
		83CCC53438D44B76958A8FB1 /* CDVStatusBar.h */ = {isa = PBXFileReference; name = "CDVStatusBar.h"; path = "cordova-plugin-statusbar/CDVStatusBar.h"; sourceTree = "<group>"; fileEncoding = 4; lastKnownFileType = sourcecode.c.h; explicitFileType = undefined; includeInIndex = 0; };
/* End PBXFileReference section */

/* Begin PBXFrameworksBuildPhase section */
		1D60588F0D05DD3D006BFB54 /* Frameworks */ = {
			isa = PBXFrameworksBuildPhase;
			buildActionMask = 2147483647;
			files = (
				301BF552109A68D80062928A /* libCordova.a in Frameworks */,
				E447ACB6057749F5A3B65199 /* libGGLCloudMessaging.a in Frameworks */,
				DB331FA774614A998F67E378 /* libGGLCore.a in Frameworks */,
				29BBAF3653E144099329B8D7 /* libGGLInstanceIDLib.a in Frameworks */,
				66EF52A1B01E46C9BB0C9632 /* libGIP_Reachability.a in Frameworks */,
				2A38799DAEC048DDA1EE6A1E /* libGSDK_Overload.a in Frameworks */,
				1BC8B0606AD54E89AE415866 /* libGTMSessionFetcher_core.a in Frameworks */,
				6F50B64391A441CB921A5686 /* libGTMSessionFetcher_full.a in Frameworks */,
				A80DEF4B34084728BACE6EFA /* libGTMStackTrace.a in Frameworks */,
				84626C4F46204E0388B6C4BA /* libGTM_AddressBook.a in Frameworks */,
				EAEC31D8E70A4DD2BB0E57C6 /* libGTM_DebugUtils.a in Frameworks */,
				3DBF4F8FBFE94F2EB47C81CA /* libGTM_GTMURLBuilder.a in Frameworks */,
				0501B72402954427953054BC /* libGTM_KVO.a in Frameworks */,
				417474AE3A5F4C5F8696D376 /* libGTM_NSData+zlib.a in Frameworks */,
				298CD8020FB24A55AE8B89FD /* libGTM_NSDictionary+URLArguments.a in Frameworks */,
				34AF55724D414642A597E5E4 /* libGTM_NSScannerJSON.a in Frameworks */,
				ACE4AF3C62F148FBADBEF800 /* libGTM_NSStringHTML.a in Frameworks */,
				87AB5952E5D94BF586C3025D /* libGTM_NSStringXML.a in Frameworks */,
				543F537FD72C4629A712D9C6 /* libGTM_Regex.a in Frameworks */,
				D41E5B538B8B43B881F320B8 /* libGTM_RoundedRectPath.a in Frameworks */,
				5B82B6129081421F91BB799B /* libGTM_StringEncoding.a in Frameworks */,
				0BE611A93A684C35823CC49F /* libGTM_SystemVersion.a in Frameworks */,
				6A3D83361D974BB096DF4EF4 /* libGTM_UIFont+LineHeight.a in Frameworks */,
				6FF6D6C72F1A4B70848BC66A /* libGTM_core.a in Frameworks */,
				1A1C5237171247A88FEFB887 /* libGTM_iPhone.a in Frameworks */,
				3F58EE66169D4A45ABD79EC0 /* libGcmLib.a in Frameworks */,
				A59BF3806AE94C5AA7FE8048 /* libProtocolBuffers.a in Frameworks */,
				460B9F3048E94ED7B4BC7267 /* AddressBook.framework in Frameworks */,
				7D1D06EC08E647EF9F249CEC /* libsqlite3.tbd in Frameworks */,
				35394F9B4D66473ABDC0CDA2 /* libz.tbd in Frameworks */,
				36B03501C04948A48E1FA89F /* AudioToolbox.framework in Frameworks */,
				0EDD42D0AC9E4EDA8DDFD544 /* SystemConfiguration.framework in Frameworks */,
				FE98625F328847DF94FF2F87 /* CoreTelephony.framework in Frameworks */,
			);
			runOnlyForDeploymentPostprocessing = 0;
		};
/* End PBXFrameworksBuildPhase section */

/* Begin PBXGroup section */
		080E96DDFE201D6D7F000001 /* Classes */ = {
			isa = PBXGroup;
			children = (
				302D95EE14D2391D003F00A1 /* MainViewController.h */,
				302D95EF14D2391D003F00A1 /* MainViewController.m */,
				302D95F014D2391D003F00A1 /* MainViewController.xib */,
				1D3623240D0F684500981E51 /* AppDelegate.h */,
				1D3623250D0F684500981E51 /* AppDelegate.m */,
			);
			name = Classes;
			path = "Bredaquaranta/Classes";
			sourceTree = SOURCE_ROOT;
		};
		19C28FACFE9D520D11CA2CBB /* Products */ = {
			isa = PBXGroup;
			children = (
				1D6058910D05DD3D006BFB54 /* Bredaquaranta.app */,
			);
			name = Products;
			sourceTree = "<group>";
		};
		29B97314FDCFA39411CA2CEA /* CustomTemplate */ = {
			isa = PBXGroup;
			children = (
				EB87FDF41871DAF40020F90C /* config.xml */,
				EB87FDF31871DA8E0020F90C /* www */,
				EB87FDF11871DA420020F90C /* Staging */,
				301BF52D109A57CC0062928A /* CordovaLib.xcodeproj */,
				080E96DDFE201D6D7F000001 /* Classes */,
				307C750510C5A3420062BCA9 /* Plugins */,
				29B97315FDCFA39411CA2CEA /* Other Sources */,
				29B97317FDCFA39411CA2CEA /* Resources */,
				29B97323FDCFA39411CA2CEA /* Frameworks */,
				19C28FACFE9D520D11CA2CBB /* Products */,
			);
			name = CustomTemplate;
			sourceTree = "<group>";
		};
		29B97315FDCFA39411CA2CEA /* Other Sources */ = {
			isa = PBXGroup;
			children = (
				32CA4F630368D1EE00C91783 /* Bredaquaranta-Prefix.pch */,
				29B97316FDCFA39411CA2CEA /* main.m */,
				ED33DF2A687741AEAF9F8254 /* Bridging-Header.h */,
			);
			name = "Other Sources";
			path = "Bredaquaranta";
			sourceTree = "<group>";
		};
		29B97317FDCFA39411CA2CEA /* Resources */ = {
			isa = PBXGroup;
			children = (
				0207DA571B56EA530066E2B4 /* Images.xcassets */,
				3047A50E1AB8057F00498E2A /* config */,
				8D1107310486CEB800E47090 /* Bredaquaranta-Info.plist */,
				6AFF5BF81D6E424B00AB3073 /* CDVLaunchScreen.storyboard */,
				EE98830DE81143B7991EE113 /* CDVNotification.bundle */,
			);
			name = Resources;
			path = "Bredaquaranta/Resources";
			sourceTree = "<group>";
		};
		29B97323FDCFA39411CA2CEA /* Frameworks */ = {
			isa = PBXGroup;
			children = (
				8CBDE5AADDE844B68B598583 /* libGGLCloudMessaging.a */,
				B23D9033E2A340EA9DE0716D /* libGGLCore.a */,
				70F4D69BA38448E39A2AF0D3 /* libGGLInstanceIDLib.a */,
				B6D4DA9AA45949099F1FCDDD /* libGIP_Reachability.a */,
				5E011D33054E4609949C31C2 /* libGSDK_Overload.a */,
				A2E1CF4EC1E34BF69CCD68C7 /* libGTMSessionFetcher_core.a */,
				3A0976B855E84DB6B4BD6355 /* libGTMSessionFetcher_full.a */,
				7BBD65C827C546938B88BC18 /* libGTMStackTrace.a */,
				D3993696C651446D91103191 /* libGTM_AddressBook.a */,
				4E417B43BFBE40618DF59F65 /* libGTM_DebugUtils.a */,
				2E6DDC218558438DA00D1919 /* libGTM_GTMURLBuilder.a */,
				93728E0AEAA64324AAF1D088 /* libGTM_KVO.a */,
				80FE799D67CB47F6A0515F63 /* libGTM_NSData+zlib.a */,
				F8B585C0BBA948ACA2E5E915 /* libGTM_NSDictionary+URLArguments.a */,
				FF73057B7FD04DE79672B641 /* libGTM_NSScannerJSON.a */,
				AB6CC66B0B61483BB444B6E0 /* libGTM_NSStringHTML.a */,
				8B749562ACFD46949B266CAB /* libGTM_NSStringXML.a */,
				E1585AF19CB44D01A5B6BC4E /* libGTM_Regex.a */,
				658C80BA212945F086BDD7D6 /* libGTM_RoundedRectPath.a */,
				32A195835FFF4118B5CAB3D8 /* libGTM_StringEncoding.a */,
				7AA0430780954522BF006A68 /* libGTM_SystemVersion.a */,
				D3236595C59F430AA24B3F80 /* libGTM_UIFont+LineHeight.a */,
				2971765A1F8248B48A09F551 /* libGTM_core.a */,
				96D54252FC654F2A800DC9DD /* libGTM_iPhone.a */,
				9FB4B656399A447CBDB2D246 /* libGcmLib.a */,
				AD9982BBD85C48F3A46EFED4 /* libProtocolBuffers.a */,
				E52079EA8DC44C55921F3A63 /* AddressBook.framework */,
				E9D544C1BEAC4DA2A700BAF5 /* libsqlite3.tbd */,
				1487E574349E43CF8CAE71A5 /* libz.tbd */,
				1407643807E84159908BEA1B /* AudioToolbox.framework */,
				0FC3CC9EE97A4523BA5A1EA9 /* SystemConfiguration.framework */,
				7CCD66C4648D43A280EDF988 /* CoreTelephony.framework */,
			);
			name = Frameworks;
			sourceTree = "<group>";
		};
		301BF52E109A57CC0062928A /* Products */ = {
			isa = PBXGroup;
			children = (
				301BF535109A57CC0062928A /* libCordova.a */,
			);
			name = Products;
			sourceTree = "<group>";
		};
		3047A50E1AB8057F00498E2A /* config */ = {
			isa = PBXGroup;
			children = (
				3047A50F1AB8059700498E2A /* build-debug.xcconfig */,
				3047A5101AB8059700498E2A /* build-release.xcconfig */,
				3047A5111AB8059700498E2A /* build.xcconfig */,
			);
			name = config;
			sourceTree = "<group>";
		};
		307C750510C5A3420062BCA9 /* Plugins */ = {
			isa = PBXGroup;
			children = (
				F506B5152DCA4FFFAA2A107A /* AppDelegate+notification.m */,
				0BE0C7568280444F80D7D93D /* PushPlugin.m */,
				68D2DE3D318C4B068DEE8FBD /* AppDelegate+notification.h */,
				FE9B7DFA52E54844BA6E7AA3 /* PushPlugin.h */,
				DBEAE39ED4634B5583725392 /* GGLInstanceID.h */,
				5E09D98C850A4B6AA819CF73 /* GGLInstanceIDConfig.h */,
				CDA9BB14A1A14DFF95B58629 /* GGLInstanceIDDelegate.h */,
				3031D2592B1646F6A160F513 /* GGLInstanceIDHeaders.h */,
				746BD7667E6E43E0A841D453 /* CloudMessaging.h */,
				A5EA40E48E5A4A2487420C6E /* GGLContext+CloudMessaging.h */,
				CF2DC66349744B39BE613CC1 /* Core.h */,
				B80F1E3354B440A08760E6AE /* GGLConfiguration.h */,
				FF0E6C8F818346ACB3ABA534 /* GGLContext.h */,
				FE7DF2D0F97443F3BEE8178A /* GGLErrorCode.h */,
				2C12805379BF4D54A5E85646 /* GCMConfig.h */,
				0F124CBFD8A4423A994F0EF2 /* GCMPubSub.h */,
				3C6914DC16464DA08BB85528 /* GCMReceiverDelegate.h */,
				CBA4F81B050345598E8BD311 /* GCMService.h */,
				B04F0A86C0814DD594F71FA5 /* GoogleCloudMessaging.h */,
				28AC093F4909432BBC4FFFE1 /* CDVDevice.m */,
				4DB5AA11B6AF48B7B32C46CB /* CDVDevice.h */,
				CBB712CBFBF54B54B9A56F69 /* CDVNotification.m */,
				85A385AA2AE7422DB7F4741A /* CDVNotification.h */,
				FC2A5F06BB844C9FA1E4B25E /* CDVInAppBrowser.m */,
				1B8A584979AF4CF9BDF51C48 /* CDVInAppBrowser.h */,
				62094CDBDAF5409180488AB9 /* CDVConnection.m */,
				EF4E109D8F3A4ACABE310015 /* CDVReachability.m */,
				C6C5C9D10E6D4485B709B8F0 /* CDVConnection.h */,
				C218F1D413084D2EB08AF9E0 /* CDVReachability.h */,
				3C4D64E5623A435CA7EFD6D2 /* CDVStatusBar.m */,
				83CCC53438D44B76958A8FB1 /* CDVStatusBar.h */,
			);
			name = Plugins;
			path = "Bredaquaranta/Plugins";
			sourceTree = SOURCE_ROOT;
		};
		EB87FDF11871DA420020F90C /* Staging */ = {
			isa = PBXGroup;
			children = (
				F840E1F0165FE0F500CFE078 /* config.xml */,
				301BF56E109A69640062928A /* www */,
			);
			name = Staging;
			sourceTree = "<group>";
		};
/* End PBXGroup section */

/* Begin PBXNativeTarget section */
		1D6058900D05DD3D006BFB54 /* Bredaquaranta */ = {
			isa = PBXNativeTarget;
			buildConfigurationList = 1D6058960D05DD3E006BFB54 /* Build configuration list for PBXNativeTarget "Bredaquaranta" */;
			buildPhases = (
				304B58A110DAC018002A0835 /* Copy www directory */,
				1D60588D0D05DD3D006BFB54 /* Resources */,
				1D60588E0D05DD3D006BFB54 /* Sources */,
				1D60588F0D05DD3D006BFB54 /* Frameworks */,
			);
			buildRules = (
			);
			dependencies = (
				301BF551109A68C00062928A /* PBXTargetDependency */,
			);
			name = "Bredaquaranta";
			productName = "Bredaquaranta";
			productReference = 1D6058910D05DD3D006BFB54 /* Bredaquaranta.app */;
			productType = "com.apple.product-type.application";
		};
/* End PBXNativeTarget section */

/* Begin PBXProject section */
		29B97313FDCFA39411CA2CEA /* Project object */ = {
			isa = PBXProject;
			attributes = {
				LastUpgradeCheck = 510;
			};
			buildConfigurationList = C01FCF4E08A954540054247B /* Build configuration list for PBXProject "__NON-CLI__" */;
			compatibilityVersion = "Xcode 3.2";
			developmentRegion = English;
			hasScannedForEncodings = 1;
			mainGroup = 29B97314FDCFA39411CA2CEA /* CustomTemplate */;
			projectDirPath = "";
			projectReferences = (
				{
					ProductGroup = 301BF52E109A57CC0062928A /* Products */;
					ProjectRef = 301BF52D109A57CC0062928A /* CordovaLib.xcodeproj */;
				},
			);
			projectRoot = "";
			targets = (
				1D6058900D05DD3D006BFB54 /* Bredaquaranta */,
			);
		};
/* End PBXProject section */

/* Begin PBXReferenceProxy section */
		301BF535109A57CC0062928A /* libCordova.a */ = {
			isa = PBXReferenceProxy;
			fileType = archive.ar;
			path = libCordova.a;
			remoteRef = 301BF534109A57CC0062928A /* PBXContainerItemProxy */;
			sourceTree = BUILT_PRODUCTS_DIR;
		};
/* End PBXReferenceProxy section */

/* Begin PBXResourcesBuildPhase section */
		1D60588D0D05DD3D006BFB54 /* Resources */ = {
			isa = PBXResourcesBuildPhase;
			buildActionMask = 2147483647;
			files = (
				302D95F214D2391D003F00A1 /* MainViewController.xib in Resources */,
				0207DA581B56EA530066E2B4 /* Images.xcassets in Resources */,
				6AFF5BF91D6E424B00AB3073 /* CDVLaunchScreen.storyboard in Resources */,
				46DD4B01DFED4F33B00A1F02 /* CDVNotification.bundle in Resources */,
			);
			runOnlyForDeploymentPostprocessing = 0;
		};
/* End PBXResourcesBuildPhase section */

/* Begin PBXShellScriptBuildPhase section */
		304B58A110DAC018002A0835 /* Copy www directory */ = {
			isa = PBXShellScriptBuildPhase;
			buildActionMask = 2147483647;
			files = (
			);
			inputPaths = (
			);
			name = "Copy www directory";
			outputPaths = (
			);
			runOnlyForDeploymentPostprocessing = 0;
			shellPath = /bin/sh;
			shellScript = "NODEJS_PATH=/usr/local/bin; NVM_NODE_PATH=~/.nvm/versions/node/`nvm version 2>/dev/null`/bin; N_NODE_PATH=`find /usr/local/n/versions/node/* -maxdepth 0 -type d 2>/dev/null | tail -1`/bin; XCODE_NODE_PATH=`xcode-select --print-path`/usr/share/xcs/Node/bin; PATH=$NODEJS_PATH:$NVM_NODE_PATH:$N_NODE_PATH:$XCODE_NODE_PATH:$PATH && node cordova/lib/copy-www-build-step.js";
			showEnvVarsInLog = 0;
		};
/* End PBXShellScriptBuildPhase section */

/* Begin PBXSourcesBuildPhase section */
		1D60588E0D05DD3D006BFB54 /* Sources */ = {
			isa = PBXSourcesBuildPhase;
			buildActionMask = 2147483647;
			files = (
				1D60589B0D05DD56006BFB54 /* main.m in Sources */,
				1D3623260D0F684500981E51 /* AppDelegate.m in Sources */,
				302D95F114D2391D003F00A1 /* MainViewController.m in Sources */,
				31F278DF9086423FB742591E /* AppDelegate+notification.m in Sources */,
				3A7DB2ED9F414AC6BD50B458 /* PushPlugin.m in Sources */,
				360EC493165C4C0FB263A0D0 /* CDVDevice.m in Sources */,
				43C79BB0C3A24CECB4F29E78 /* CDVNotification.m in Sources */,
				3A4BD0B83B8B45149369CA40 /* CDVInAppBrowser.m in Sources */,
				099CEABF4F714B84BE5AC7C8 /* CDVConnection.m in Sources */,
				6A6F2296A62A451CBF715BCA /* CDVReachability.m in Sources */,
				1730B56D2B0449F1A32FEB75 /* CDVStatusBar.m in Sources */,
			);
			runOnlyForDeploymentPostprocessing = 0;
		};
/* End PBXSourcesBuildPhase section */

/* Begin PBXTargetDependency section */
		301BF551109A68C00062928A /* PBXTargetDependency */ = {
			isa = PBXTargetDependency;
			name = CordovaLib;
			targetProxy = 301BF550109A68C00062928A /* PBXContainerItemProxy */;
		};
/* End PBXTargetDependency section */

/* Begin XCBuildConfiguration section */
		1D6058940D05DD3E006BFB54 /* Debug */ = {
			isa = XCBuildConfiguration;
			baseConfigurationReference = 3047A50F1AB8059700498E2A /* build-debug.xcconfig */;
			buildSettings = {
				ALWAYS_SEARCH_USER_PATHS = NO;
				ASSETCATALOG_COMPILER_APPICON_NAME = AppIcon;
				ASSETCATALOG_COMPILER_LAUNCHIMAGE_NAME = LaunchImage;
				CLANG_ENABLE_MODULES = YES;
				CLANG_ENABLE_OBJC_ARC = YES;
				COPY_PHASE_STRIP = NO;
				GCC_DYNAMIC_NO_PIC = NO;
				GCC_OPTIMIZATION_LEVEL = 0;
				GCC_PRECOMPILE_PREFIX_HEADER = YES;
				GCC_PREFIX_HEADER = "Bredaquaranta/Bredaquaranta-Prefix.pch";
				GCC_THUMB_SUPPORT = NO;
				GCC_VERSION = "";
				INFOPLIST_FILE = "Bredaquaranta/Bredaquaranta-Info.plist";
				IPHONEOS_DEPLOYMENT_TARGET = 8.0;
				LD_RUNPATH_SEARCH_PATHS = "@executable_path/Frameworks";
				TARGETED_DEVICE_FAMILY = "1,2";
				PRODUCT_NAME = "Bredaquaranta";
				LIBRARY_SEARCH_PATHS = (
					"$(inherited)",
					"\"$(SRCROOT)/Bredaquaranta/Plugins/phonegap-plugin-push/GCM/Libraries\"",
					"\"$(SRCROOT)/Bredaquaranta/Plugins/phonegap-plugin-push/GCM/Libraries\"",
					"\"$(SRCROOT)/Bredaquaranta/Plugins/phonegap-plugin-push/GCM/Libraries\"",
					"\"$(SRCROOT)/Bredaquaranta/Plugins/phonegap-plugin-push/GCM/Libraries\"",
					"\"$(SRCROOT)/Bredaquaranta/Plugins/phonegap-plugin-push/GCM/Libraries\"",
					"\"$(SRCROOT)/Bredaquaranta/Plugins/phonegap-plugin-push/GCM/Libraries\"",
					"\"$(SRCROOT)/Bredaquaranta/Plugins/phonegap-plugin-push/GCM/Libraries\"",
					"\"$(SRCROOT)/Bredaquaranta/Plugins/phonegap-plugin-push/GCM/Libraries\"",
					"\"$(SRCROOT)/Bredaquaranta/Plugins/phonegap-plugin-push/GCM/Libraries\"",
					"\"$(SRCROOT)/Bredaquaranta/Plugins/phonegap-plugin-push/GCM/Libraries\"",
					"\"$(SRCROOT)/Bredaquaranta/Plugins/phonegap-plugin-push/GCM/Libraries\"",
					"\"$(SRCROOT)/Bredaquaranta/Plugins/phonegap-plugin-push/GCM/Libraries\"",
					"\"$(SRCROOT)/Bredaquaranta/Plugins/phonegap-plugin-push/GCM/Libraries\"",
					"\"$(SRCROOT)/Bredaquaranta/Plugins/phonegap-plugin-push/GCM/Libraries\"",
					"\"$(SRCROOT)/Bredaquaranta/Plugins/phonegap-plugin-push/GCM/Libraries\"",
					"\"$(SRCROOT)/Bredaquaranta/Plugins/phonegap-plugin-push/GCM/Libraries\"",
					"\"$(SRCROOT)/Bredaquaranta/Plugins/phonegap-plugin-push/GCM/Libraries\"",
					"\"$(SRCROOT)/Bredaquaranta/Plugins/phonegap-plugin-push/GCM/Libraries\"",
					"\"$(SRCROOT)/Bredaquaranta/Plugins/phonegap-plugin-push/GCM/Libraries\"",
					"\"$(SRCROOT)/Bredaquaranta/Plugins/phonegap-plugin-push/GCM/Libraries\"",
					"\"$(SRCROOT)/Bredaquaranta/Plugins/phonegap-plugin-push/GCM/Libraries\"",
					"\"$(SRCROOT)/Bredaquaranta/Plugins/phonegap-plugin-push/GCM/Libraries\"",
					"\"$(SRCROOT)/Bredaquaranta/Plugins/phonegap-plugin-push/GCM/Libraries\"",
					"\"$(SRCROOT)/Bredaquaranta/Plugins/phonegap-plugin-push/GCM/Libraries\"",
					"\"$(SRCROOT)/Bredaquaranta/Plugins/phonegap-plugin-push/GCM/Libraries\"",
					"\"$(SRCROOT)/Bredaquaranta/Plugins/phonegap-plugin-push/GCM/Libraries\"",
				);
			};
			name = Debug;
		};
		1D6058950D05DD3E006BFB54 /* Release */ = {
			isa = XCBuildConfiguration;
			baseConfigurationReference = 3047A5101AB8059700498E2A /* build-release.xcconfig */;
			buildSettings = {
				ALWAYS_SEARCH_USER_PATHS = NO;
				ASSETCATALOG_COMPILER_APPICON_NAME = AppIcon;
				ASSETCATALOG_COMPILER_LAUNCHIMAGE_NAME = LaunchImage;
				CLANG_ENABLE_MODULES = YES;
				CLANG_ENABLE_OBJC_ARC = YES;
				COPY_PHASE_STRIP = YES;
				GCC_PRECOMPILE_PREFIX_HEADER = YES;
				GCC_PREFIX_HEADER = "Bredaquaranta/Bredaquaranta-Prefix.pch";
				GCC_THUMB_SUPPORT = NO;
				GCC_VERSION = "";
				INFOPLIST_FILE = "Bredaquaranta/Bredaquaranta-Info.plist";
				IPHONEOS_DEPLOYMENT_TARGET = 8.0;
				LD_RUNPATH_SEARCH_PATHS = "@executable_path/Frameworks";
				TARGETED_DEVICE_FAMILY = "1,2";
				PRODUCT_NAME = "Bredaquaranta";
				LIBRARY_SEARCH_PATHS = (
					"$(inherited)",
					"\"$(SRCROOT)/Bredaquaranta/Plugins/phonegap-plugin-push/GCM/Libraries\"",
					"\"$(SRCROOT)/Bredaquaranta/Plugins/phonegap-plugin-push/GCM/Libraries\"",
					"\"$(SRCROOT)/Bredaquaranta/Plugins/phonegap-plugin-push/GCM/Libraries\"",
					"\"$(SRCROOT)/Bredaquaranta/Plugins/phonegap-plugin-push/GCM/Libraries\"",
					"\"$(SRCROOT)/Bredaquaranta/Plugins/phonegap-plugin-push/GCM/Libraries\"",
					"\"$(SRCROOT)/Bredaquaranta/Plugins/phonegap-plugin-push/GCM/Libraries\"",
					"\"$(SRCROOT)/Bredaquaranta/Plugins/phonegap-plugin-push/GCM/Libraries\"",
					"\"$(SRCROOT)/Bredaquaranta/Plugins/phonegap-plugin-push/GCM/Libraries\"",
					"\"$(SRCROOT)/Bredaquaranta/Plugins/phonegap-plugin-push/GCM/Libraries\"",
					"\"$(SRCROOT)/Bredaquaranta/Plugins/phonegap-plugin-push/GCM/Libraries\"",
					"\"$(SRCROOT)/Bredaquaranta/Plugins/phonegap-plugin-push/GCM/Libraries\"",
					"\"$(SRCROOT)/Bredaquaranta/Plugins/phonegap-plugin-push/GCM/Libraries\"",
					"\"$(SRCROOT)/Bredaquaranta/Plugins/phonegap-plugin-push/GCM/Libraries\"",
					"\"$(SRCROOT)/Bredaquaranta/Plugins/phonegap-plugin-push/GCM/Libraries\"",
					"\"$(SRCROOT)/Bredaquaranta/Plugins/phonegap-plugin-push/GCM/Libraries\"",
					"\"$(SRCROOT)/Bredaquaranta/Plugins/phonegap-plugin-push/GCM/Libraries\"",
					"\"$(SRCROOT)/Bredaquaranta/Plugins/phonegap-plugin-push/GCM/Libraries\"",
					"\"$(SRCROOT)/Bredaquaranta/Plugins/phonegap-plugin-push/GCM/Libraries\"",
					"\"$(SRCROOT)/Bredaquaranta/Plugins/phonegap-plugin-push/GCM/Libraries\"",
					"\"$(SRCROOT)/Bredaquaranta/Plugins/phonegap-plugin-push/GCM/Libraries\"",
					"\"$(SRCROOT)/Bredaquaranta/Plugins/phonegap-plugin-push/GCM/Libraries\"",
					"\"$(SRCROOT)/Bredaquaranta/Plugins/phonegap-plugin-push/GCM/Libraries\"",
					"\"$(SRCROOT)/Bredaquaranta/Plugins/phonegap-plugin-push/GCM/Libraries\"",
					"\"$(SRCROOT)/Bredaquaranta/Plugins/phonegap-plugin-push/GCM/Libraries\"",
					"\"$(SRCROOT)/Bredaquaranta/Plugins/phonegap-plugin-push/GCM/Libraries\"",
					"\"$(SRCROOT)/Bredaquaranta/Plugins/phonegap-plugin-push/GCM/Libraries\"",
				);
			};
			name = Release;
		};
		C01FCF4F08A954540054247B /* Debug */ = {
			isa = XCBuildConfiguration;
			baseConfigurationReference = 3047A5111AB8059700498E2A /* build.xcconfig */;
			buildSettings = {
				CLANG_ENABLE_MODULES = YES;
				CLANG_ENABLE_OBJC_ARC = YES;
				CLANG_WARN_BOOL_CONVERSION = YES;
				CLANG_WARN_CONSTANT_CONVERSION = YES;
				CLANG_WARN_EMPTY_BODY = YES;
				CLANG_WARN_ENUM_CONVERSION = YES;
				CLANG_WARN_INT_CONVERSION = YES;
				CLANG_WARN__DUPLICATE_METHOD_MATCH = YES;
				GCC_C_LANGUAGE_STANDARD = c99;
				GCC_THUMB_SUPPORT = NO;
				GCC_VERSION = "";
				GCC_WARN_ABOUT_RETURN_TYPE = YES;
				GCC_WARN_UNDECLARED_SELECTOR = YES;
				GCC_WARN_UNINITIALIZED_AUTOS = YES;
				GCC_WARN_UNUSED_FUNCTION = YES;
				GCC_WARN_UNUSED_VARIABLE = YES;
				ONLY_ACTIVE_ARCH = YES;
				SDKROOT = iphoneos;
				SKIP_INSTALL = NO;
				TARGETED_DEVICE_FAMILY = "1,2";
				ASSETCATALOG_COMPILER_LAUNCHIMAGE_NAME = LaunchImage;
			};
			name = Debug;
		};
		C01FCF5008A954540054247B /* Release */ = {
			isa = XCBuildConfiguration;
			baseConfigurationReference = 3047A5111AB8059700498E2A /* build.xcconfig */;
			buildSettings = {
				CLANG_ENABLE_MODULES = YES;
				CLANG_ENABLE_OBJC_ARC = YES;
				CLANG_WARN_BOOL_CONVERSION = YES;
				CLANG_WARN_CONSTANT_CONVERSION = YES;
				CLANG_WARN_EMPTY_BODY = YES;
				CLANG_WARN_ENUM_CONVERSION = YES;
				CLANG_WARN_INT_CONVERSION = YES;
				CLANG_WARN__DUPLICATE_METHOD_MATCH = YES;
				GCC_C_LANGUAGE_STANDARD = c99;
				GCC_THUMB_SUPPORT = NO;
				GCC_VERSION = "";
				GCC_WARN_ABOUT_RETURN_TYPE = YES;
				GCC_WARN_UNDECLARED_SELECTOR = YES;
				GCC_WARN_UNINITIALIZED_AUTOS = YES;
				GCC_WARN_UNUSED_FUNCTION = YES;
				GCC_WARN_UNUSED_VARIABLE = YES;
				SDKROOT = iphoneos;
				SKIP_INSTALL = NO;
				TARGETED_DEVICE_FAMILY = "1,2";
				ASSETCATALOG_COMPILER_LAUNCHIMAGE_NAME = LaunchImage;
			};
			name = Release;
		};
/* End XCBuildConfiguration section */

/* Begin XCConfigurationList section */
		1D6058960D05DD3E006BFB54 /* Build configuration list for PBXNativeTarget "Bredaquaranta" */ = {
			isa = XCConfigurationList;
			buildConfigurations = (
				1D6058940D05DD3E006BFB54 /* Debug */,
				1D6058950D05DD3E006BFB54 /* Release */,
			);
			defaultConfigurationIsVisible = 0;
			defaultConfigurationName = Release;
		};
		C01FCF4E08A954540054247B /* Build configuration list for PBXProject "__NON-CLI__" */ = {
			isa = XCConfigurationList;
			buildConfigurations = (
				C01FCF4F08A954540054247B /* Debug */,
				C01FCF5008A954540054247B /* Release */,
			);
			defaultConfigurationIsVisible = 0;
			defaultConfigurationName = Release;
		};
/* End XCConfigurationList section */
	};
	rootObject = 29B97313FDCFA39411CA2CEA /* Project object */;
}
